// !$*UTF8*$!
{
	archiveVersion = 1;
	classes = {
	};
	objectVersion = 46;
	objects = {

/* Begin PBXAggregateTarget section */
		"DGPImageLoader::DGPImageLoaderPackageTests::ProductTarget" /* DGPImageLoaderPackageTests */ = {
			isa = PBXAggregateTarget;
			buildConfigurationList = OBJ_32 /* Build configuration list for PBXAggregateTarget "DGPImageLoaderPackageTests" */;
			buildPhases = (
			);
			dependencies = (
				OBJ_35 /* PBXTargetDependency */,
			);
			name = DGPImageLoaderPackageTests;
			productName = DGPImageLoaderPackageTests;
		};
/* End PBXAggregateTarget section */

/* Begin PBXBuildFile section */
		C7A44A222521F150005A1A83 /* DGPTaskManager.swift in Sources */ = {isa = PBXBuildFile; fileRef = C7A44A132521F14F005A1A83 /* DGPTaskManager.swift */; };
		C7A44A232521F150005A1A83 /* DGPDataTask.swift in Sources */ = {isa = PBXBuildFile; fileRef = C7A44A152521F14F005A1A83 /* DGPDataTask.swift */; };
		C7A44A242521F150005A1A83 /* DGPImageLoaderConfig.swift in Sources */ = {isa = PBXBuildFile; fileRef = C7A44A162521F14F005A1A83 /* DGPImageLoaderConfig.swift */; };
		C7A44A252521F150005A1A83 /* DGPImageLoaderUtils.swift in Sources */ = {isa = PBXBuildFile; fileRef = C7A44A172521F14F005A1A83 /* DGPImageLoaderUtils.swift */; };
		C7A44A262521F150005A1A83 /* DGPImageExtension.swift in Sources */ = {isa = PBXBuildFile; fileRef = C7A44A1B2521F150005A1A83 /* DGPImageExtension.swift */; };
		C7A44A272521F150005A1A83 /* DGPImageCache.swift in Sources */ = {isa = PBXBuildFile; fileRef = C7A44A1C2521F150005A1A83 /* DGPImageCache.swift */; };
		C7A44A282521F150005A1A83 /* DGPImageCacheDisk.swift in Sources */ = {isa = PBXBuildFile; fileRef = C7A44A1D2521F150005A1A83 /* DGPImageCacheDisk.swift */; };
		C7A44A292521F150005A1A83 /* DGPImageCacheMemory.swift in Sources */ = {isa = PBXBuildFile; fileRef = C7A44A1E2521F150005A1A83 /* DGPImageCacheMemory.swift */; };
		C7A44A2A2521F150005A1A83 /* DGPImageDownloader.swift in Sources */ = {isa = PBXBuildFile; fileRef = C7A44A202521F150005A1A83 /* DGPImageDownloader.swift */; };
		C7A44A2B2521F150005A1A83 /* DGPImageViewExtension.swift in Sources */ = {isa = PBXBuildFile; fileRef = C7A44A212521F150005A1A83 /* DGPImageViewExtension.swift */; };
		OBJ_41 /* DGPImageLoaderTests.swift in Sources */ = {isa = PBXBuildFile; fileRef = OBJ_12 /* DGPImageLoaderTests.swift */; };
		OBJ_42 /* XCTestManifests.swift in Sources */ = {isa = PBXBuildFile; fileRef = OBJ_13 /* XCTestManifests.swift */; };
		OBJ_44 /* DGPImageLoader.framework in Frameworks */ = {isa = PBXBuildFile; fileRef = "DGPImageLoader::DGPImageLoader::Product" /* DGPImageLoader.framework */; };
/* End PBXBuildFile section */

/* Begin PBXContainerItemProxy section */
		C7A44A112521EFA2005A1A83 /* PBXContainerItemProxy */ = {
			isa = PBXContainerItemProxy;
			containerPortal = OBJ_1 /* Project object */;
			proxyType = 1;
			remoteGlobalIDString = "DGPImageLoader::DGPImageLoader";
			remoteInfo = DGPImageLoader;
		};
		C7A44A122521EFA4005A1A83 /* PBXContainerItemProxy */ = {
			isa = PBXContainerItemProxy;
			containerPortal = OBJ_1 /* Project object */;
			proxyType = 1;
			remoteGlobalIDString = "DGPImageLoader::DGPImageLoaderTests";
			remoteInfo = DGPImageLoaderTests;
		};
/* End PBXContainerItemProxy section */

/* Begin PBXFileReference section */
		C7A44A132521F14F005A1A83 /* DGPTaskManager.swift */ = {isa = PBXFileReference; fileEncoding = 4; lastKnownFileType = sourcecode.swift; path = DGPTaskManager.swift; sourceTree = "<group>"; };
		C7A44A152521F14F005A1A83 /* DGPDataTask.swift */ = {isa = PBXFileReference; fileEncoding = 4; lastKnownFileType = sourcecode.swift; path = DGPDataTask.swift; sourceTree = "<group>"; };
		C7A44A162521F14F005A1A83 /* DGPImageLoaderConfig.swift */ = {isa = PBXFileReference; fileEncoding = 4; lastKnownFileType = sourcecode.swift; path = DGPImageLoaderConfig.swift; sourceTree = "<group>"; };
		C7A44A172521F14F005A1A83 /* DGPImageLoaderUtils.swift */ = {isa = PBXFileReference; fileEncoding = 4; lastKnownFileType = sourcecode.swift; path = DGPImageLoaderUtils.swift; sourceTree = "<group>"; };
		C7A44A1B2521F150005A1A83 /* DGPImageExtension.swift */ = {isa = PBXFileReference; fileEncoding = 4; lastKnownFileType = sourcecode.swift; path = DGPImageExtension.swift; sourceTree = "<group>"; };
		C7A44A1C2521F150005A1A83 /* DGPImageCache.swift */ = {isa = PBXFileReference; fileEncoding = 4; lastKnownFileType = sourcecode.swift; path = DGPImageCache.swift; sourceTree = "<group>"; };
		C7A44A1D2521F150005A1A83 /* DGPImageCacheDisk.swift */ = {isa = PBXFileReference; fileEncoding = 4; lastKnownFileType = sourcecode.swift; path = DGPImageCacheDisk.swift; sourceTree = "<group>"; };
		C7A44A1E2521F150005A1A83 /* DGPImageCacheMemory.swift */ = {isa = PBXFileReference; fileEncoding = 4; lastKnownFileType = sourcecode.swift; path = DGPImageCacheMemory.swift; sourceTree = "<group>"; };
		C7A44A202521F150005A1A83 /* DGPImageDownloader.swift */ = {isa = PBXFileReference; fileEncoding = 4; lastKnownFileType = sourcecode.swift; path = DGPImageDownloader.swift; sourceTree = "<group>"; };
		C7A44A212521F150005A1A83 /* DGPImageViewExtension.swift */ = {isa = PBXFileReference; fileEncoding = 4; lastKnownFileType = sourcecode.swift; path = DGPImageViewExtension.swift; sourceTree = "<group>"; };
		"DGPImageLoader::DGPImageLoader::Product" /* DGPImageLoader.framework */ = {isa = PBXFileReference; explicitFileType = wrapper.framework; path = DGPImageLoader.framework; sourceTree = BUILT_PRODUCTS_DIR; };
		"DGPImageLoader::DGPImageLoaderTests::Product" /* DGPImageLoaderTests.xctest */ = {isa = PBXFileReference; explicitFileType = wrapper.cfbundle; path = DGPImageLoaderTests.xctest; sourceTree = BUILT_PRODUCTS_DIR; };
		OBJ_12 /* DGPImageLoaderTests.swift */ = {isa = PBXFileReference; lastKnownFileType = sourcecode.swift; path = DGPImageLoaderTests.swift; sourceTree = "<group>"; };
		OBJ_13 /* XCTestManifests.swift */ = {isa = PBXFileReference; lastKnownFileType = sourcecode.swift; path = XCTestManifests.swift; sourceTree = "<group>"; };
		OBJ_17 /* README.md */ = {isa = PBXFileReference; lastKnownFileType = net.daringfireball.markdown; path = README.md; sourceTree = "<group>"; };
		OBJ_6 /* Package.swift */ = {isa = PBXFileReference; explicitFileType = sourcecode.swift; path = Package.swift; sourceTree = "<group>"; };
/* End PBXFileReference section */

/* Begin PBXFrameworksBuildPhase section */
		OBJ_24 /* Frameworks */ = {
			isa = PBXFrameworksBuildPhase;
			buildActionMask = 0;
			files = (
			);
			runOnlyForDeploymentPostprocessing = 0;
		};
		OBJ_43 /* Frameworks */ = {
			isa = PBXFrameworksBuildPhase;
			buildActionMask = 0;
			files = (
				OBJ_44 /* DGPImageLoader.framework in Frameworks */,
			);
			runOnlyForDeploymentPostprocessing = 0;
		};
/* End PBXFrameworksBuildPhase section */

/* Begin PBXGroup section */
		C7A44A142521F14F005A1A83 /* model */ = {
			isa = PBXGroup;
			children = (
				C7A44A152521F14F005A1A83 /* DGPDataTask.swift */,
				C7A44A162521F14F005A1A83 /* DGPImageLoaderConfig.swift */,
			);
			path = model;
			sourceTree = "<group>";
		};
		C7A44A182521F150005A1A83 /* cache */ = {
			isa = PBXGroup;
			children = (
				C7A44A1B2521F150005A1A83 /* DGPImageExtension.swift */,
				C7A44A1C2521F150005A1A83 /* DGPImageCache.swift */,
				C7A44A1D2521F150005A1A83 /* DGPImageCacheDisk.swift */,
				C7A44A1E2521F150005A1A83 /* DGPImageCacheMemory.swift */,
			);
			path = cache;
			sourceTree = "<group>";
		};
		OBJ_10 /* Tests */ = {
			isa = PBXGroup;
			children = (
				OBJ_11 /* DGPImageLoaderTests */,
			);
			name = Tests;
			sourceTree = SOURCE_ROOT;
		};
		OBJ_11 /* DGPImageLoaderTests */ = {
			isa = PBXGroup;
			children = (
				OBJ_12 /* DGPImageLoaderTests.swift */,
				OBJ_13 /* XCTestManifests.swift */,
			);
			name = DGPImageLoaderTests;
			path = Tests/DGPImageLoaderTests;
			sourceTree = SOURCE_ROOT;
		};
		OBJ_14 /* Products */ = {
			isa = PBXGroup;
			children = (
				"DGPImageLoader::DGPImageLoader::Product" /* DGPImageLoader.framework */,
				"DGPImageLoader::DGPImageLoaderTests::Product" /* DGPImageLoaderTests.xctest */,
			);
			name = Products;
			sourceTree = BUILT_PRODUCTS_DIR;
		};
		OBJ_5 /*  */ = {
			isa = PBXGroup;
			children = (
				OBJ_6 /* Package.swift */,
				OBJ_7 /* Sources */,
				OBJ_10 /* Tests */,
				OBJ_14 /* Products */,
				OBJ_17 /* README.md */,
			);
			name = "";
			sourceTree = "<group>";
		};
		OBJ_7 /* Sources */ = {
			isa = PBXGroup;
			children = (
				OBJ_8 /* DGPImageLoader */,
			);
			name = Sources;
			sourceTree = SOURCE_ROOT;
		};
		OBJ_8 /* DGPImageLoader */ = {
			isa = PBXGroup;
			children = (
				C7A44A182521F150005A1A83 /* cache */,
				C7A44A202521F150005A1A83 /* DGPImageDownloader.swift */,
				C7A44A172521F14F005A1A83 /* DGPImageLoaderUtils.swift */,
				C7A44A212521F150005A1A83 /* DGPImageViewExtension.swift */,
				C7A44A132521F14F005A1A83 /* DGPTaskManager.swift */,
				C7A44A142521F14F005A1A83 /* model */,
			);
			name = DGPImageLoader;
			path = Sources/DGPImageLoader;
			sourceTree = SOURCE_ROOT;
		};
/* End PBXGroup section */

/* Begin PBXNativeTarget section */
		"DGPImageLoader::DGPImageLoader" /* DGPImageLoader */ = {
			isa = PBXNativeTarget;
			buildConfigurationList = OBJ_19 /* Build configuration list for PBXNativeTarget "DGPImageLoader" */;
			buildPhases = (
				OBJ_22 /* Sources */,
				OBJ_24 /* Frameworks */,
			);
			buildRules = (
			);
			dependencies = (
			);
			name = DGPImageLoader;
			productName = DGPImageLoader;
			productReference = "DGPImageLoader::DGPImageLoader::Product" /* DGPImageLoader.framework */;
			productType = "com.apple.product-type.framework";
		};
		"DGPImageLoader::DGPImageLoaderTests" /* DGPImageLoaderTests */ = {
			isa = PBXNativeTarget;
			buildConfigurationList = OBJ_37 /* Build configuration list for PBXNativeTarget "DGPImageLoaderTests" */;
			buildPhases = (
				OBJ_40 /* Sources */,
				OBJ_43 /* Frameworks */,
			);
			buildRules = (
			);
			dependencies = (
				OBJ_45 /* PBXTargetDependency */,
			);
			name = DGPImageLoaderTests;
			productName = DGPImageLoaderTests;
			productReference = "DGPImageLoader::DGPImageLoaderTests::Product" /* DGPImageLoaderTests.xctest */;
			productType = "com.apple.product-type.bundle.unit-test";
		};
/* End PBXNativeTarget section */

/* Begin PBXProject section */
		OBJ_1 /* Project object */ = {
			isa = PBXProject;
			attributes = {
				LastSwiftMigration = 9999;
				LastUpgradeCheck = 9999;
				TargetAttributes = {
					"DGPImageLoader::DGPImageLoader" = {
						LastSwiftMigration = 1160;
					};
				};
			};
			buildConfigurationList = OBJ_2 /* Build configuration list for PBXProject "DGPImageLoader" */;
			compatibilityVersion = "Xcode 3.2";
			developmentRegion = en;
			hasScannedForEncodings = 0;
			knownRegions = (
				en,
			);
			mainGroup = OBJ_5 /*  */;
			productRefGroup = OBJ_14 /* Products */;
			projectDirPath = "";
			projectRoot = "";
			targets = (
				"DGPImageLoader::DGPImageLoader" /* DGPImageLoader */,
				"DGPImageLoader::DGPImageLoaderPackageTests::ProductTarget" /* DGPImageLoaderPackageTests */,
				"DGPImageLoader::DGPImageLoaderTests" /* DGPImageLoaderTests */,
			);
		};
/* End PBXProject section */

/* Begin PBXSourcesBuildPhase section */
		OBJ_22 /* Sources */ = {
			isa = PBXSourcesBuildPhase;
			buildActionMask = 0;
			files = (
				C7A44A272521F150005A1A83 /* DGPImageCache.swift in Sources */,
				C7A44A232521F150005A1A83 /* DGPDataTask.swift in Sources */,
				C7A44A222521F150005A1A83 /* DGPTaskManager.swift in Sources */,
				C7A44A252521F150005A1A83 /* DGPImageLoaderUtils.swift in Sources */,
				C7A44A282521F150005A1A83 /* DGPImageCacheDisk.swift in Sources */,
				C7A44A242521F150005A1A83 /* DGPImageLoaderConfig.swift in Sources */,
				C7A44A262521F150005A1A83 /* DGPImageExtension.swift in Sources */,
				C7A44A292521F150005A1A83 /* DGPImageCacheMemory.swift in Sources */,
				C7A44A2B2521F150005A1A83 /* DGPImageViewExtension.swift in Sources */,
				C7A44A2A2521F150005A1A83 /* DGPImageDownloader.swift in Sources */,
			);
			runOnlyForDeploymentPostprocessing = 0;
		};
		OBJ_40 /* Sources */ = {
			isa = PBXSourcesBuildPhase;
			buildActionMask = 0;
			files = (
				OBJ_41 /* DGPImageLoaderTests.swift in Sources */,
				OBJ_42 /* XCTestManifests.swift in Sources */,
			);
			runOnlyForDeploymentPostprocessing = 0;
		};
/* End PBXSourcesBuildPhase section */

/* Begin PBXTargetDependency section */
		OBJ_35 /* PBXTargetDependency */ = {
			isa = PBXTargetDependency;
			target = "DGPImageLoader::DGPImageLoaderTests" /* DGPImageLoaderTests */;
			targetProxy = C7A44A122521EFA4005A1A83 /* PBXContainerItemProxy */;
		};
		OBJ_45 /* PBXTargetDependency */ = {
			isa = PBXTargetDependency;
			target = "DGPImageLoader::DGPImageLoader" /* DGPImageLoader */;
			targetProxy = C7A44A112521EFA2005A1A83 /* PBXContainerItemProxy */;
		};
/* End PBXTargetDependency section */

/* Begin XCBuildConfiguration section */
		OBJ_20 /* Debug */ = {
			isa = XCBuildConfiguration;
			buildSettings = {
				CLANG_ENABLE_MODULES = YES;
				DEFINES_MODULE = YES;
				ENABLE_TESTABILITY = YES;
				FRAMEWORK_SEARCH_PATHS = (
					"$(inherited)",
					"$(PLATFORM_DIR)/Developer/Library/Frameworks",
				);
				HEADER_SEARCH_PATHS = "$(inherited)";
				INFOPLIST_FILE = DGPImageLoader.xcodeproj/DGPImageLoader_Info.plist;
				IPHONEOS_DEPLOYMENT_TARGET = 13.0;
				LD_RUNPATH_SEARCH_PATHS = "$(inherited) $(TOOLCHAIN_DIR)/usr/lib/swift/macosx";
				MACOSX_DEPLOYMENT_TARGET = 13;
				OTHER_CFLAGS = "$(inherited)";
				OTHER_LDFLAGS = "$(inherited)";
				OTHER_SWIFT_FLAGS = "$(inherited)";
				PRODUCT_BUNDLE_IDENTIFIER = DGPImageLoader;
				PRODUCT_MODULE_NAME = "$(TARGET_NAME:c99extidentifier)";
				PRODUCT_NAME = "$(TARGET_NAME:c99extidentifier)";
				SKIP_INSTALL = YES;
				SWIFT_ACTIVE_COMPILATION_CONDITIONS = "$(inherited)";
				SWIFT_OPTIMIZATION_LEVEL = "-Onone";
				SWIFT_VERSION = 5.0;
				TARGET_NAME = DGPImageLoader;
				TVOS_DEPLOYMENT_TARGET = 9.0;
				WATCHOS_DEPLOYMENT_TARGET = 2.0;
			};
			name = Debug;
		};
		OBJ_21 /* Release */ = {
			isa = XCBuildConfiguration;
			buildSettings = {
				CLANG_ENABLE_MODULES = YES;
				DEFINES_MODULE = YES;
				ENABLE_TESTABILITY = YES;
				FRAMEWORK_SEARCH_PATHS = (
					"$(inherited)",
					"$(PLATFORM_DIR)/Developer/Library/Frameworks",
				);
				HEADER_SEARCH_PATHS = "$(inherited)";
				INFOPLIST_FILE = DGPImageLoader.xcodeproj/DGPImageLoader_Info.plist;
				IPHONEOS_DEPLOYMENT_TARGET = 13.0;
				LD_RUNPATH_SEARCH_PATHS = "$(inherited) $(TOOLCHAIN_DIR)/usr/lib/swift/macosx";
				MACOSX_DEPLOYMENT_TARGET = 13;
				OTHER_CFLAGS = "$(inherited)";
				OTHER_LDFLAGS = "$(inherited)";
				OTHER_SWIFT_FLAGS = "$(inherited)";
				PRODUCT_BUNDLE_IDENTIFIER = DGPImageLoader;
				PRODUCT_MODULE_NAME = "$(TARGET_NAME:c99extidentifier)";
				PRODUCT_NAME = "$(TARGET_NAME:c99extidentifier)";
				SKIP_INSTALL = YES;
				SWIFT_ACTIVE_COMPILATION_CONDITIONS = "$(inherited)";
				SWIFT_VERSION = 5.0;
				TARGET_NAME = DGPImageLoader;
				TVOS_DEPLOYMENT_TARGET = 9.0;
				WATCHOS_DEPLOYMENT_TARGET = 2.0;
			};
			name = Release;
		};
		OBJ_3 /* Debug */ = {
			isa = XCBuildConfiguration;
			buildSettings = {
				CLANG_ENABLE_OBJC_ARC = YES;
				COMBINE_HIDPI_IMAGES = YES;
				COPY_PHASE_STRIP = NO;
				DEBUG_INFORMATION_FORMAT = dwarf;
				DYLIB_INSTALL_NAME_BASE = "@rpath";
				ENABLE_NS_ASSERTIONS = YES;
				GCC_OPTIMIZATION_LEVEL = 0;
				GCC_PREPROCESSOR_DEFINITIONS = (
					"$(inherited)",
					"SWIFT_PACKAGE=1",
					"DEBUG=1",
				);
				IPHONEOS_DEPLOYMENT_TARGET = 13.0;
				MACOSX_DEPLOYMENT_TARGET = 13;
				ONLY_ACTIVE_ARCH = YES;
				OTHER_SWIFT_FLAGS = "$(inherited) -DXcode";
				PRODUCT_NAME = "$(TARGET_NAME)";
				SDKROOT = iphoneos;
				SUPPORTED_PLATFORMS = "iphonesimulator iphoneos";
				SWIFT_ACTIVE_COMPILATION_CONDITIONS = "$(inherited) SWIFT_PACKAGE DEBUG";
				SWIFT_OPTIMIZATION_LEVEL = "-Onone";
				USE_HEADERMAP = NO;
			};
			name = Debug;
		};
		OBJ_33 /* Debug */ = {
			isa = XCBuildConfiguration;
			buildSettings = {
			};
			name = Debug;
		};
		OBJ_34 /* Release */ = {
			isa = XCBuildConfiguration;
			buildSettings = {
			};
			name = Release;
		};
		OBJ_38 /* Debug */ = {
			isa = XCBuildConfiguration;
			buildSettings = {
				ALWAYS_EMBED_SWIFT_STANDARD_LIBRARIES = YES;
				CLANG_ENABLE_MODULES = YES;
				EMBEDDED_CONTENT_CONTAINS_SWIFT = YES;
				FRAMEWORK_SEARCH_PATHS = (
					"$(inherited)",
					"$(PLATFORM_DIR)/Developer/Library/Frameworks",
				);
				HEADER_SEARCH_PATHS = "$(inherited)";
				INFOPLIST_FILE = DGPImageLoader.xcodeproj/DGPImageLoaderTests_Info.plist;
				IPHONEOS_DEPLOYMENT_TARGET = 8.0;
				LD_RUNPATH_SEARCH_PATHS = "$(inherited) @loader_path/../Frameworks @loader_path/Frameworks";
				MACOSX_DEPLOYMENT_TARGET = 10.10;
				OTHER_CFLAGS = "$(inherited)";
				OTHER_LDFLAGS = "$(inherited)";
				OTHER_SWIFT_FLAGS = "$(inherited)";
				SWIFT_ACTIVE_COMPILATION_CONDITIONS = "$(inherited)";
				SWIFT_VERSION = 5.0;
				TARGET_NAME = DGPImageLoaderTests;
				TVOS_DEPLOYMENT_TARGET = 9.0;
				WATCHOS_DEPLOYMENT_TARGET = 2.0;
			};
			name = Debug;
		};
		OBJ_39 /* Release */ = {
			isa = XCBuildConfiguration;
			buildSettings = {
				ALWAYS_EMBED_SWIFT_STANDARD_LIBRARIES = YES;
				CLANG_ENABLE_MODULES = YES;
				EMBEDDED_CONTENT_CONTAINS_SWIFT = YES;
				FRAMEWORK_SEARCH_PATHS = (
					"$(inherited)",
					"$(PLATFORM_DIR)/Developer/Library/Frameworks",
				);
				HEADER_SEARCH_PATHS = "$(inherited)";
				INFOPLIST_FILE = DGPImageLoader.xcodeproj/DGPImageLoaderTests_Info.plist;
				IPHONEOS_DEPLOYMENT_TARGET = 8.0;
				LD_RUNPATH_SEARCH_PATHS = "$(inherited) @loader_path/../Frameworks @loader_path/Frameworks";
				MACOSX_DEPLOYMENT_TARGET = 10.10;
				OTHER_CFLAGS = "$(inherited)";
				OTHER_LDFLAGS = "$(inherited)";
				OTHER_SWIFT_FLAGS = "$(inherited)";
				SWIFT_ACTIVE_COMPILATION_CONDITIONS = "$(inherited)";
				SWIFT_VERSION = 5.0;
				TARGET_NAME = DGPImageLoaderTests;
				TVOS_DEPLOYMENT_TARGET = 9.0;
				WATCHOS_DEPLOYMENT_TARGET = 2.0;
			};
			name = Release;
		};
		OBJ_4 /* Release */ = {
			isa = XCBuildConfiguration;
			buildSettings = {
				CLANG_ENABLE_OBJC_ARC = YES;
				COMBINE_HIDPI_IMAGES = YES;
				COPY_PHASE_STRIP = YES;
				DEBUG_INFORMATION_FORMAT = "dwarf-with-dsym";
				DYLIB_INSTALL_NAME_BASE = "@rpath";
				GCC_OPTIMIZATION_LEVEL = s;
				GCC_PREPROCESSOR_DEFINITIONS = (
					"$(inherited)",
					"SWIFT_PACKAGE=1",
				);
				IPHONEOS_DEPLOYMENT_TARGET = 13.0;
				MACOSX_DEPLOYMENT_TARGET = 13;
				OTHER_SWIFT_FLAGS = "$(inherited) -DXcode";
				PRODUCT_NAME = "$(TARGET_NAME)";
				SDKROOT = iphoneos;
				SUPPORTED_PLATFORMS = "iphonesimulator iphoneos";
				SWIFT_ACTIVE_COMPILATION_CONDITIONS = "$(inherited) SWIFT_PACKAGE";
				SWIFT_OPTIMIZATION_LEVEL = "-Owholemodule";
				USE_HEADERMAP = NO;
			};
			name = Release;
		};
/* End XCBuildConfiguration section */

/* Begin XCConfigurationList section */
		OBJ_19 /* Build configuration list for PBXNativeTarget "DGPImageLoader" */ = {
			isa = XCConfigurationList;
			buildConfigurations = (
				OBJ_20 /* Debug */,
				OBJ_21 /* Release */,
			);
			defaultConfigurationIsVisible = 0;
			defaultConfigurationName = Release;
		};
		OBJ_2 /* Build configuration list for PBXProject "DGPImageLoader" */ = {
			isa = XCConfigurationList;
			buildConfigurations = (
				OBJ_3 /* Debug */,
				OBJ_4 /* Release */,
			);
			defaultConfigurationIsVisible = 0;
			defaultConfigurationName = Release;
		};
		OBJ_32 /* Build configuration list for PBXAggregateTarget "DGPImageLoaderPackageTests" */ = {
			isa = XCConfigurationList;
			buildConfigurations = (
				OBJ_33 /* Debug */,
				OBJ_34 /* Release */,
			);
			defaultConfigurationIsVisible = 0;
			defaultConfigurationName = Release;
		};
		OBJ_37 /* Build configuration list for PBXNativeTarget "DGPImageLoaderTests" */ = {
			isa = XCConfigurationList;
			buildConfigurations = (
				OBJ_38 /* Debug */,
				OBJ_39 /* Release */,
			);
			defaultConfigurationIsVisible = 0;
			defaultConfigurationName = Release;
		};
/* End XCConfigurationList section */
	};
	rootObject = OBJ_1 /* Project object */;
}
